
Microsoft Visual Studio Solution File, Format Version 12.00
# Visual Studio Version 17
VisualStudioVersion = 17.0.31903.59
MinimumVisualStudioVersion = 10.0.40219.1
Project("{9A19103F-16F7-4668-BE54-9A1E7A4F7556}") = "02.02 typy wbudowane", "02.02 typy wbudowane\02.02 typy wbudowane.csproj", "{82719DD8-DC15-4D20-B8AD-F807FFC6B66F}"
EndProject
Project("{9A19103F-16F7-4668-BE54-9A1E7A4F7556}") = "02.03 String & String Builder", "02.03 String & String Builder\02.03 String & String Builder.csproj", "{1E2144FB-AB11-48B4-BB8F-C5B8F76C3803}"
EndProject
Project("{9A19103F-16F7-4668-BE54-9A1E7A4F7556}") = "02.04 Powszechne operatory", "02.04 Powszechne operatory\02.04 Powszechne operatory.csproj", "{2E9567C5-A474-4C63-A0A3-7EADF578CAC7}"
EndProject
Project("{9A19103F-16F7-4668-BE54-9A1E7A4F7556}") = "02.05 Komentarze i regiony", "02.05 Komentarze i regiony\02.05 Komentarze i regiony.csproj", "{F15BA006-9129-4FC6-A559-1476BA92F6AC}"
EndProject
Project("{9A19103F-16F7-4668-BE54-9A1E7A4F7556}") = "02.06 if-else statement", "02.06 if-else statement\02.06 if-else statement.csproj", "{C4A698B8-A291-4530-8E2C-C2018DE401CA}"
EndProject
Project("{9A19103F-16F7-4668-BE54-9A1E7A4F7556}") = "02.07 Switch statement", "02.07 Switch statement\02.07 Switch statement.csproj", "{D21C2A5F-150F-4889-B76C-A7E3EF7354FF}"
EndProject
Project("{9A19103F-16F7-4668-BE54-9A1E7A4F7556}") = "02.08 Konwersja typów i rzutowanie", "02.08 Konwersja typów i rzutowanie\02.08 Konwersja typów i rzutowanie.csproj", "{B8DD6C62-8F19-4D50-B334-D0012C323E9B}"
EndProject
Project("{9A19103F-16F7-4668-BE54-9A1E7A4F7556}") = "Zadanie1", "Zadanie1\Zadanie1.csproj", "{14953CE0-D0B7-433A-97DA-36806310863D}"
EndProject
Project("{9A19103F-16F7-4668-BE54-9A1E7A4F7556}") = "02.09 Tablice", "02.09 Tablice\02.09 Tablice.csproj", "{142A2D93-9DAC-45FA-AC2C-A78325387210}"
EndProject
Project("{9A19103F-16F7-4668-BE54-9A1E7A4F7556}") = "02.10 Pętla while", "02.10 Pętla while\02.10 Pętla while.csproj", "{6E8398F0-C65E-4324-BBE4-9C044D799A3C}"
EndProject
Project("{9A19103F-16F7-4668-BE54-9A1E7A4F7556}") = "02.11 Pętla do-while", "02.11 Pętla do-while\02.11 Pętla do-while.csproj", "{1606F215-64FD-44F4-AB33-A35FB1DB497C}"
EndProject
Project("{9A19103F-16F7-4668-BE54-9A1E7A4F7556}") = "02.12 Pętla for", "02.12 Pętla for\02.12 Pętla for.csproj", "{0829803F-520A-4B1A-9359-87A1BC735E2C}"
EndProject
Project("{9A19103F-16F7-4668-BE54-9A1E7A4F7556}") = "02.13 Pętla foreach", "02.13 Pętla foreach\02.13 Pętla foreach.csproj", "{6093DB94-B3E2-4F19-9BB1-CBB8152B9692}"
EndProject
Project("{9A19103F-16F7-4668-BE54-9A1E7A4F7556}") = "Zadanie2", "Zadanie2\Zadanie2.csproj", "{1646A776-4F04-4DB7-92F7-BC7C34A1EFCA}"
EndProject
Project("{9A19103F-16F7-4668-BE54-9A1E7A4F7556}") = "02.14 Enum", "02.14 Enum\02.14 Enum.csproj", "{A8C30574-C741-4859-83C8-7B655B0A3DC0}"
EndProject
Project("{9A19103F-16F7-4668-BE54-9A1E7A4F7556}") = "02.15 Nullable", "02.15 Nullable\02.15 Nullable.csproj", "{55FF6968-75E2-4330-965F-98F1263B831C}"
EndProject
Project("{9A19103F-16F7-4668-BE54-9A1E7A4F7556}") = "02.16 Try catch finally", "02.16 Try catch finally\02.16 Try catch finally.csproj", "{FB40A2F6-7DD1-47DF-960C-D3AE7FB13FBC}"
EndProject
Project("{9A19103F-16F7-4668-BE54-9A1E7A4F7556}") = "02.17 Namespace", "02.17 Namespace\02.17 Namespace.csproj", "{DF45C47B-AC91-49E2-8B08-8785E911109C}"
EndProject
Project("{9A19103F-16F7-4668-BE54-9A1E7A4F7556}") = "03.01 Wprowadzenie do klas", "03.01 Wprowadzenie do klas\03.01 Wprowadzenie do klas.csproj", "{B111D953-B4B3-4F24-BC46-187EAFC143B4}"
EndProject
Project("{9A19103F-16F7-4668-BE54-9A1E7A4F7556}") = "03.02 Metody", "03.02 Metody\03.02 Metody.csproj", "{136DA517-49D1-4709-8AAE-C3FDEF45E5F7}"
EndProject
Project("{9A19103F-16F7-4668-BE54-9A1E7A4F7556}") = "03.03 Konstruktor", "03.03 Konstruktor\03.03 Konstruktor.csproj", "{37CCE37E-64D9-4365-AC40-99DA313D3403}"
EndProject
Project("{9A19103F-16F7-4668-BE54-9A1E7A4F7556}") = "03.04 Właściwości klasy", "03.04 Właściwości klasy\03.04 Właściwości klasy.csproj", "{94A63F0D-D68B-43B7-9A10-0AEEA3BBE306}"
EndProject
Project("{9A19103F-16F7-4668-BE54-9A1E7A4F7556}") = "03.05 Elementy statyczne", "03.05 Elementy statyczne\03.05 Elementy statyczne.csproj", "{8F5B07A8-FCEF-4F17-89F3-EDAA77FBDFB8}"
EndProject
Project("{9A19103F-16F7-4668-BE54-9A1E7A4F7556}") = "03.06 Dziedziczenie", "03.06 Dziedziczenie\03.06 Dziedziczenie.csproj", "{4FC4EBF2-64D5-4A95-BEBE-2E3CD8C406D6}"
EndProject
Project("{9A19103F-16F7-4668-BE54-9A1E7A4F7556}") = "03.07 Modyfikatory dostępu", "03.07 Modyfikatory dostępu\03.07 Modyfikatory dostępu.csproj", "{FA5C151E-CBA6-407F-BCA3-2CC8658F823D}"
EndProject
Project("{9A19103F-16F7-4668-BE54-9A1E7A4F7556}") = "03.08 Klasa abstrakcyjna", "03.08 Klasa abstrakcyjna\03.08 Klasa abstrakcyjna.csproj", "{B0109EF3-E48D-457B-8EE3-5E71C7ACE5EC}"
EndProject
Project("{9A19103F-16F7-4668-BE54-9A1E7A4F7556}") = "03.09 Interfejs", "03.09 Interfejs\03.09 Interfejs.csproj", "{78C1DB5B-3D23-48E2-8150-7A513EFA8B6C}"
EndProject
Project("{9A19103F-16F7-4668-BE54-9A1E7A4F7556}") = "03.10 Polimorfizm", "03.10 Polimorfizm\03.10 Polimorfizm.csproj", "{B3F905D4-5392-4C84-82FA-F2EBABB643A5}"
EndProject
Project("{9A19103F-16F7-4668-BE54-9A1E7A4F7556}") = "04.01 Wprowadzenie do kolekcji", "04.01 Wprowadzenie do kolekcji\04.01 Wprowadzenie do kolekcji.csproj", "{5572D606-68D8-42C2-84F6-F7BEFF9B459E}"
EndProject
Project("{9A19103F-16F7-4668-BE54-9A1E7A4F7556}") = "04.02 Lista i jej funkcjonalności", "04.02 Lista i jej funkcjonalności\04.02 Lista i jej funkcjonalności.csproj", "{0560CDFD-5DFB-4AE0-8228-52A32EB2C9D0}"
EndProject
Project("{9A19103F-16F7-4668-BE54-9A1E7A4F7556}") = "04.03 LINQ", "04.03 LINQ\04.03 LINQ.csproj", "{9511836E-6599-4DE3-BB4E-1560682C8EC0}"
EndProject
Project("{9A19103F-16F7-4668-BE54-9A1E7A4F7556}") = "04.04 Wyrażenie lambda", "04.04 Wyrażenie lambda\04.04 Wyrażenie lambda.csproj", "{2454C72B-7CBA-4397-9991-7C6B625958CA}"
EndProject
Project("{9A19103F-16F7-4668-BE54-9A1E7A4F7556}") = "04.05 Słownik(Dictionary)", "04.05 Słownik(Dictionary)\04.05 Słownik(Dictionary).csproj", "{563F6B1F-BE8C-46E9-BCBA-41475E925850}"
EndProject
Project("{9A19103F-16F7-4668-BE54-9A1E7A4F7556}") = "04.06 Słowo kluczowe var", "04.06 Słowo kluczowe var\04.06 Słowo kluczowe var.csproj", "{C54AAA37-AB70-4C9B-A690-CA0A20FDC9FC}"
EndProject
Project("{9A19103F-16F7-4668-BE54-9A1E7A4F7556}") = "04.07 Słowo kluczowe yield", "04.07 Słowo kluczowe yield\04.07 Słowo kluczowe yield.csproj", "{4774A0B8-C520-42F6-98FE-B19E256FEED9}"
EndProject
Project("{9A19103F-16F7-4668-BE54-9A1E7A4F7556}") = "05.02 Słowa kluczowe ref & out", "05.02 Słowa kluczowe ref & out\05.02 Słowa kluczowe ref & out.csproj", "{62BB220D-CCCC-4FB9-A04C-9676CCC0971D}"
EndProject
Project("{9A19103F-16F7-4668-BE54-9A1E7A4F7556}") = "Zadanie3", "Zadanie3\Zadanie3.csproj", "{285AAB3A-1901-4976-A2D2-0475BD0A87FE}"
EndProject
Project("{9A19103F-16F7-4668-BE54-9A1E7A4F7556}") = "Zadanie4", "Zadanie4\Zadanie4.csproj", "{74BA5CB3-664E-4841-9A90-A6B06818ACDC}"
EndProject
Project("{9A19103F-16F7-4668-BE54-9A1E7A4F7556}") = "05.03 Porównywanie wartości referencyjnych", "05.03 Porównywanie wartości referencyjnych\05.03 Porównywanie wartości referencyjnych.csproj", "{95667396-B22B-4A3C-BB42-BED84B8C1B80}"
EndProject
Project("{FAE04EC0-301F-11D3-BF4B-00C04F79EFBC}") = "05.04 Słowa kluczowe const & readonly", "05.04 Słowa kluczowe const & readonly\05.04 Słowa kluczowe const & readonly.csproj", "{401A4452-4B66-4629-AAB2-96FBA9F4B553}"
EndProject
Project("{FAE04EC0-301F-11D3-BF4B-00C04F79EFBC}") = "06.01 Obsługa plików tekstowych", "06.01 Obsługa plików tekstowych\06.01 Obsługa plików tekstowych.csproj", "{94B638D1-2436-4121-AB1B-C8A5B1AB1D37}"
EndProject
Project("{FAE04EC0-301F-11D3-BF4B-00C04F79EFBC}") = "06.02 Deserializacja i Serializacja do JSON", "06.02 Deserializacja i Serializacja do JSON\06.02 Deserializacja i Serializacja do JSON.csproj", "{488A9552-8F2D-41E9-B7A7-6DFC7FD20112}"
EndProject
Project("{FAE04EC0-301F-11D3-BF4B-00C04F79EFBC}") = "06.03 Wyrażenie using", "06.03 Wyrażenie using\06.03 Wyrażenie using.csproj", "{35BF9535-A0F3-4996-9AEA-15D06E5EE859}"
EndProject
Project("{FAE04EC0-301F-11D3-BF4B-00C04F79EFBC}") = "07.01 Metody pomocnicze dla typu string", "07.01 Metody pomocnicze dla typu string\07.01 Metody pomocnicze dla typu string.csproj", "{C57A0968-680D-460B-9487-80761AB339D7}"
EndProject
Global
	GlobalSection(SolutionConfigurationPlatforms) = preSolution
		Debug|Any CPU = Debug|Any CPU
		Release|Any CPU = Release|Any CPU
	EndGlobalSection
	GlobalSection(ProjectConfigurationPlatforms) = postSolution
		{82719DD8-DC15-4D20-B8AD-F807FFC6B66F}.Debug|Any CPU.ActiveCfg = Debug|Any CPU
		{82719DD8-DC15-4D20-B8AD-F807FFC6B66F}.Debug|Any CPU.Build.0 = Debug|Any CPU
		{82719DD8-DC15-4D20-B8AD-F807FFC6B66F}.Release|Any CPU.ActiveCfg = Release|Any CPU
		{82719DD8-DC15-4D20-B8AD-F807FFC6B66F}.Release|Any CPU.Build.0 = Release|Any CPU
		{1E2144FB-AB11-48B4-BB8F-C5B8F76C3803}.Debug|Any CPU.ActiveCfg = Debug|Any CPU
		{1E2144FB-AB11-48B4-BB8F-C5B8F76C3803}.Debug|Any CPU.Build.0 = Debug|Any CPU
		{1E2144FB-AB11-48B4-BB8F-C5B8F76C3803}.Release|Any CPU.ActiveCfg = Release|Any CPU
		{1E2144FB-AB11-48B4-BB8F-C5B8F76C3803}.Release|Any CPU.Build.0 = Release|Any CPU
		{2E9567C5-A474-4C63-A0A3-7EADF578CAC7}.Debug|Any CPU.ActiveCfg = Debug|Any CPU
		{2E9567C5-A474-4C63-A0A3-7EADF578CAC7}.Debug|Any CPU.Build.0 = Debug|Any CPU
		{2E9567C5-A474-4C63-A0A3-7EADF578CAC7}.Release|Any CPU.ActiveCfg = Release|Any CPU
		{2E9567C5-A474-4C63-A0A3-7EADF578CAC7}.Release|Any CPU.Build.0 = Release|Any CPU
		{F15BA006-9129-4FC6-A559-1476BA92F6AC}.Debug|Any CPU.ActiveCfg = Debug|Any CPU
		{F15BA006-9129-4FC6-A559-1476BA92F6AC}.Debug|Any CPU.Build.0 = Debug|Any CPU
		{F15BA006-9129-4FC6-A559-1476BA92F6AC}.Release|Any CPU.ActiveCfg = Release|Any CPU
		{F15BA006-9129-4FC6-A559-1476BA92F6AC}.Release|Any CPU.Build.0 = Release|Any CPU
		{C4A698B8-A291-4530-8E2C-C2018DE401CA}.Debug|Any CPU.ActiveCfg = Debug|Any CPU
		{C4A698B8-A291-4530-8E2C-C2018DE401CA}.Debug|Any CPU.Build.0 = Debug|Any CPU
		{C4A698B8-A291-4530-8E2C-C2018DE401CA}.Release|Any CPU.ActiveCfg = Release|Any CPU
		{C4A698B8-A291-4530-8E2C-C2018DE401CA}.Release|Any CPU.Build.0 = Release|Any CPU
		{D21C2A5F-150F-4889-B76C-A7E3EF7354FF}.Debug|Any CPU.ActiveCfg = Debug|Any CPU
		{D21C2A5F-150F-4889-B76C-A7E3EF7354FF}.Debug|Any CPU.Build.0 = Debug|Any CPU
		{D21C2A5F-150F-4889-B76C-A7E3EF7354FF}.Release|Any CPU.ActiveCfg = Release|Any CPU
		{D21C2A5F-150F-4889-B76C-A7E3EF7354FF}.Release|Any CPU.Build.0 = Release|Any CPU
		{B8DD6C62-8F19-4D50-B334-D0012C323E9B}.Debug|Any CPU.ActiveCfg = Debug|Any CPU
		{B8DD6C62-8F19-4D50-B334-D0012C323E9B}.Debug|Any CPU.Build.0 = Debug|Any CPU
		{B8DD6C62-8F19-4D50-B334-D0012C323E9B}.Release|Any CPU.ActiveCfg = Release|Any CPU
		{B8DD6C62-8F19-4D50-B334-D0012C323E9B}.Release|Any CPU.Build.0 = Release|Any CPU
		{14953CE0-D0B7-433A-97DA-36806310863D}.Debug|Any CPU.ActiveCfg = Debug|Any CPU
		{14953CE0-D0B7-433A-97DA-36806310863D}.Debug|Any CPU.Build.0 = Debug|Any CPU
		{14953CE0-D0B7-433A-97DA-36806310863D}.Release|Any CPU.ActiveCfg = Release|Any CPU
		{14953CE0-D0B7-433A-97DA-36806310863D}.Release|Any CPU.Build.0 = Release|Any CPU
		{142A2D93-9DAC-45FA-AC2C-A78325387210}.Debug|Any CPU.ActiveCfg = Debug|Any CPU
		{142A2D93-9DAC-45FA-AC2C-A78325387210}.Debug|Any CPU.Build.0 = Debug|Any CPU
		{142A2D93-9DAC-45FA-AC2C-A78325387210}.Release|Any CPU.ActiveCfg = Release|Any CPU
		{142A2D93-9DAC-45FA-AC2C-A78325387210}.Release|Any CPU.Build.0 = Release|Any CPU
		{6E8398F0-C65E-4324-BBE4-9C044D799A3C}.Debug|Any CPU.ActiveCfg = Debug|Any CPU
		{6E8398F0-C65E-4324-BBE4-9C044D799A3C}.Debug|Any CPU.Build.0 = Debug|Any CPU
		{6E8398F0-C65E-4324-BBE4-9C044D799A3C}.Release|Any CPU.ActiveCfg = Release|Any CPU
		{6E8398F0-C65E-4324-BBE4-9C044D799A3C}.Release|Any CPU.Build.0 = Release|Any CPU
		{1606F215-64FD-44F4-AB33-A35FB1DB497C}.Debug|Any CPU.ActiveCfg = Debug|Any CPU
		{1606F215-64FD-44F4-AB33-A35FB1DB497C}.Debug|Any CPU.Build.0 = Debug|Any CPU
		{1606F215-64FD-44F4-AB33-A35FB1DB497C}.Release|Any CPU.ActiveCfg = Release|Any CPU
		{1606F215-64FD-44F4-AB33-A35FB1DB497C}.Release|Any CPU.Build.0 = Release|Any CPU
		{0829803F-520A-4B1A-9359-87A1BC735E2C}.Debug|Any CPU.ActiveCfg = Debug|Any CPU
		{0829803F-520A-4B1A-9359-87A1BC735E2C}.Debug|Any CPU.Build.0 = Debug|Any CPU
		{0829803F-520A-4B1A-9359-87A1BC735E2C}.Release|Any CPU.ActiveCfg = Release|Any CPU
		{0829803F-520A-4B1A-9359-87A1BC735E2C}.Release|Any CPU.Build.0 = Release|Any CPU
		{6093DB94-B3E2-4F19-9BB1-CBB8152B9692}.Debug|Any CPU.ActiveCfg = Debug|Any CPU
		{6093DB94-B3E2-4F19-9BB1-CBB8152B9692}.Debug|Any CPU.Build.0 = Debug|Any CPU
		{6093DB94-B3E2-4F19-9BB1-CBB8152B9692}.Release|Any CPU.ActiveCfg = Release|Any CPU
		{6093DB94-B3E2-4F19-9BB1-CBB8152B9692}.Release|Any CPU.Build.0 = Release|Any CPU
		{1646A776-4F04-4DB7-92F7-BC7C34A1EFCA}.Debug|Any CPU.ActiveCfg = Debug|Any CPU
		{1646A776-4F04-4DB7-92F7-BC7C34A1EFCA}.Debug|Any CPU.Build.0 = Debug|Any CPU
		{1646A776-4F04-4DB7-92F7-BC7C34A1EFCA}.Release|Any CPU.ActiveCfg = Release|Any CPU
		{1646A776-4F04-4DB7-92F7-BC7C34A1EFCA}.Release|Any CPU.Build.0 = Release|Any CPU
		{A8C30574-C741-4859-83C8-7B655B0A3DC0}.Debug|Any CPU.ActiveCfg = Debug|Any CPU
		{A8C30574-C741-4859-83C8-7B655B0A3DC0}.Debug|Any CPU.Build.0 = Debug|Any CPU
		{A8C30574-C741-4859-83C8-7B655B0A3DC0}.Release|Any CPU.ActiveCfg = Release|Any CPU
		{A8C30574-C741-4859-83C8-7B655B0A3DC0}.Release|Any CPU.Build.0 = Release|Any CPU
		{55FF6968-75E2-4330-965F-98F1263B831C}.Debug|Any CPU.ActiveCfg = Debug|Any CPU
		{55FF6968-75E2-4330-965F-98F1263B831C}.Debug|Any CPU.Build.0 = Debug|Any CPU
		{55FF6968-75E2-4330-965F-98F1263B831C}.Release|Any CPU.ActiveCfg = Release|Any CPU
		{55FF6968-75E2-4330-965F-98F1263B831C}.Release|Any CPU.Build.0 = Release|Any CPU
		{FB40A2F6-7DD1-47DF-960C-D3AE7FB13FBC}.Debug|Any CPU.ActiveCfg = Debug|Any CPU
		{FB40A2F6-7DD1-47DF-960C-D3AE7FB13FBC}.Debug|Any CPU.Build.0 = Debug|Any CPU
		{FB40A2F6-7DD1-47DF-960C-D3AE7FB13FBC}.Release|Any CPU.ActiveCfg = Release|Any CPU
		{FB40A2F6-7DD1-47DF-960C-D3AE7FB13FBC}.Release|Any CPU.Build.0 = Release|Any CPU
		{DF45C47B-AC91-49E2-8B08-8785E911109C}.Debug|Any CPU.ActiveCfg = Debug|Any CPU
		{DF45C47B-AC91-49E2-8B08-8785E911109C}.Debug|Any CPU.Build.0 = Debug|Any CPU
		{DF45C47B-AC91-49E2-8B08-8785E911109C}.Release|Any CPU.ActiveCfg = Release|Any CPU
		{DF45C47B-AC91-49E2-8B08-8785E911109C}.Release|Any CPU.Build.0 = Release|Any CPU
		{B111D953-B4B3-4F24-BC46-187EAFC143B4}.Debug|Any CPU.ActiveCfg = Debug|Any CPU
		{B111D953-B4B3-4F24-BC46-187EAFC143B4}.Debug|Any CPU.Build.0 = Debug|Any CPU
		{B111D953-B4B3-4F24-BC46-187EAFC143B4}.Release|Any CPU.ActiveCfg = Release|Any CPU
		{B111D953-B4B3-4F24-BC46-187EAFC143B4}.Release|Any CPU.Build.0 = Release|Any CPU
		{136DA517-49D1-4709-8AAE-C3FDEF45E5F7}.Debug|Any CPU.ActiveCfg = Debug|Any CPU
		{136DA517-49D1-4709-8AAE-C3FDEF45E5F7}.Debug|Any CPU.Build.0 = Debug|Any CPU
		{136DA517-49D1-4709-8AAE-C3FDEF45E5F7}.Release|Any CPU.ActiveCfg = Release|Any CPU
		{136DA517-49D1-4709-8AAE-C3FDEF45E5F7}.Release|Any CPU.Build.0 = Release|Any CPU
		{37CCE37E-64D9-4365-AC40-99DA313D3403}.Debug|Any CPU.ActiveCfg = Debug|Any CPU
		{37CCE37E-64D9-4365-AC40-99DA313D3403}.Debug|Any CPU.Build.0 = Debug|Any CPU
		{37CCE37E-64D9-4365-AC40-99DA313D3403}.Release|Any CPU.ActiveCfg = Release|Any CPU
		{37CCE37E-64D9-4365-AC40-99DA313D3403}.Release|Any CPU.Build.0 = Release|Any CPU
		{94A63F0D-D68B-43B7-9A10-0AEEA3BBE306}.Debug|Any CPU.ActiveCfg = Debug|Any CPU
		{94A63F0D-D68B-43B7-9A10-0AEEA3BBE306}.Debug|Any CPU.Build.0 = Debug|Any CPU
		{94A63F0D-D68B-43B7-9A10-0AEEA3BBE306}.Release|Any CPU.ActiveCfg = Release|Any CPU
		{94A63F0D-D68B-43B7-9A10-0AEEA3BBE306}.Release|Any CPU.Build.0 = Release|Any CPU
		{8F5B07A8-FCEF-4F17-89F3-EDAA77FBDFB8}.Debug|Any CPU.ActiveCfg = Debug|Any CPU
		{8F5B07A8-FCEF-4F17-89F3-EDAA77FBDFB8}.Debug|Any CPU.Build.0 = Debug|Any CPU
		{8F5B07A8-FCEF-4F17-89F3-EDAA77FBDFB8}.Release|Any CPU.ActiveCfg = Release|Any CPU
		{8F5B07A8-FCEF-4F17-89F3-EDAA77FBDFB8}.Release|Any CPU.Build.0 = Release|Any CPU
		{4FC4EBF2-64D5-4A95-BEBE-2E3CD8C406D6}.Debug|Any CPU.ActiveCfg = Debug|Any CPU
		{4FC4EBF2-64D5-4A95-BEBE-2E3CD8C406D6}.Debug|Any CPU.Build.0 = Debug|Any CPU
		{4FC4EBF2-64D5-4A95-BEBE-2E3CD8C406D6}.Release|Any CPU.ActiveCfg = Release|Any CPU
		{4FC4EBF2-64D5-4A95-BEBE-2E3CD8C406D6}.Release|Any CPU.Build.0 = Release|Any CPU
		{FA5C151E-CBA6-407F-BCA3-2CC8658F823D}.Debug|Any CPU.ActiveCfg = Debug|Any CPU
		{FA5C151E-CBA6-407F-BCA3-2CC8658F823D}.Debug|Any CPU.Build.0 = Debug|Any CPU
		{FA5C151E-CBA6-407F-BCA3-2CC8658F823D}.Release|Any CPU.ActiveCfg = Release|Any CPU
		{FA5C151E-CBA6-407F-BCA3-2CC8658F823D}.Release|Any CPU.Build.0 = Release|Any CPU
		{B0109EF3-E48D-457B-8EE3-5E71C7ACE5EC}.Debug|Any CPU.ActiveCfg = Debug|Any CPU
		{B0109EF3-E48D-457B-8EE3-5E71C7ACE5EC}.Debug|Any CPU.Build.0 = Debug|Any CPU
		{B0109EF3-E48D-457B-8EE3-5E71C7ACE5EC}.Release|Any CPU.ActiveCfg = Release|Any CPU
		{B0109EF3-E48D-457B-8EE3-5E71C7ACE5EC}.Release|Any CPU.Build.0 = Release|Any CPU
		{78C1DB5B-3D23-48E2-8150-7A513EFA8B6C}.Debug|Any CPU.ActiveCfg = Debug|Any CPU
		{78C1DB5B-3D23-48E2-8150-7A513EFA8B6C}.Debug|Any CPU.Build.0 = Debug|Any CPU
		{78C1DB5B-3D23-48E2-8150-7A513EFA8B6C}.Release|Any CPU.ActiveCfg = Release|Any CPU
		{78C1DB5B-3D23-48E2-8150-7A513EFA8B6C}.Release|Any CPU.Build.0 = Release|Any CPU
		{B3F905D4-5392-4C84-82FA-F2EBABB643A5}.Debug|Any CPU.ActiveCfg = Debug|Any CPU
		{B3F905D4-5392-4C84-82FA-F2EBABB643A5}.Debug|Any CPU.Build.0 = Debug|Any CPU
		{B3F905D4-5392-4C84-82FA-F2EBABB643A5}.Release|Any CPU.ActiveCfg = Release|Any CPU
		{B3F905D4-5392-4C84-82FA-F2EBABB643A5}.Release|Any CPU.Build.0 = Release|Any CPU
		{5572D606-68D8-42C2-84F6-F7BEFF9B459E}.Debug|Any CPU.ActiveCfg = Debug|Any CPU
		{5572D606-68D8-42C2-84F6-F7BEFF9B459E}.Debug|Any CPU.Build.0 = Debug|Any CPU
		{5572D606-68D8-42C2-84F6-F7BEFF9B459E}.Release|Any CPU.ActiveCfg = Release|Any CPU
		{5572D606-68D8-42C2-84F6-F7BEFF9B459E}.Release|Any CPU.Build.0 = Release|Any CPU
		{0560CDFD-5DFB-4AE0-8228-52A32EB2C9D0}.Debug|Any CPU.ActiveCfg = Debug|Any CPU
		{0560CDFD-5DFB-4AE0-8228-52A32EB2C9D0}.Debug|Any CPU.Build.0 = Debug|Any CPU
		{0560CDFD-5DFB-4AE0-8228-52A32EB2C9D0}.Release|Any CPU.ActiveCfg = Release|Any CPU
		{0560CDFD-5DFB-4AE0-8228-52A32EB2C9D0}.Release|Any CPU.Build.0 = Release|Any CPU
		{9511836E-6599-4DE3-BB4E-1560682C8EC0}.Debug|Any CPU.ActiveCfg = Debug|Any CPU
		{9511836E-6599-4DE3-BB4E-1560682C8EC0}.Debug|Any CPU.Build.0 = Debug|Any CPU
		{9511836E-6599-4DE3-BB4E-1560682C8EC0}.Release|Any CPU.ActiveCfg = Release|Any CPU
		{9511836E-6599-4DE3-BB4E-1560682C8EC0}.Release|Any CPU.Build.0 = Release|Any CPU
		{2454C72B-7CBA-4397-9991-7C6B625958CA}.Debug|Any CPU.ActiveCfg = Debug|Any CPU
		{2454C72B-7CBA-4397-9991-7C6B625958CA}.Debug|Any CPU.Build.0 = Debug|Any CPU
		{2454C72B-7CBA-4397-9991-7C6B625958CA}.Release|Any CPU.ActiveCfg = Release|Any CPU
		{2454C72B-7CBA-4397-9991-7C6B625958CA}.Release|Any CPU.Build.0 = Release|Any CPU
		{563F6B1F-BE8C-46E9-BCBA-41475E925850}.Debug|Any CPU.ActiveCfg = Debug|Any CPU
		{563F6B1F-BE8C-46E9-BCBA-41475E925850}.Debug|Any CPU.Build.0 = Debug|Any CPU
		{563F6B1F-BE8C-46E9-BCBA-41475E925850}.Release|Any CPU.ActiveCfg = Release|Any CPU
		{563F6B1F-BE8C-46E9-BCBA-41475E925850}.Release|Any CPU.Build.0 = Release|Any CPU
		{C54AAA37-AB70-4C9B-A690-CA0A20FDC9FC}.Debug|Any CPU.ActiveCfg = Debug|Any CPU
		{C54AAA37-AB70-4C9B-A690-CA0A20FDC9FC}.Debug|Any CPU.Build.0 = Debug|Any CPU
		{C54AAA37-AB70-4C9B-A690-CA0A20FDC9FC}.Release|Any CPU.ActiveCfg = Release|Any CPU
		{C54AAA37-AB70-4C9B-A690-CA0A20FDC9FC}.Release|Any CPU.Build.0 = Release|Any CPU
		{4774A0B8-C520-42F6-98FE-B19E256FEED9}.Debug|Any CPU.ActiveCfg = Debug|Any CPU
		{4774A0B8-C520-42F6-98FE-B19E256FEED9}.Debug|Any CPU.Build.0 = Debug|Any CPU
		{4774A0B8-C520-42F6-98FE-B19E256FEED9}.Release|Any CPU.ActiveCfg = Release|Any CPU
		{4774A0B8-C520-42F6-98FE-B19E256FEED9}.Release|Any CPU.Build.0 = Release|Any CPU
		{62BB220D-CCCC-4FB9-A04C-9676CCC0971D}.Debug|Any CPU.ActiveCfg = Debug|Any CPU
		{62BB220D-CCCC-4FB9-A04C-9676CCC0971D}.Debug|Any CPU.Build.0 = Debug|Any CPU
		{62BB220D-CCCC-4FB9-A04C-9676CCC0971D}.Release|Any CPU.ActiveCfg = Release|Any CPU
		{62BB220D-CCCC-4FB9-A04C-9676CCC0971D}.Release|Any CPU.Build.0 = Release|Any CPU
		{285AAB3A-1901-4976-A2D2-0475BD0A87FE}.Debug|Any CPU.ActiveCfg = Debug|Any CPU
		{285AAB3A-1901-4976-A2D2-0475BD0A87FE}.Debug|Any CPU.Build.0 = Debug|Any CPU
		{285AAB3A-1901-4976-A2D2-0475BD0A87FE}.Release|Any CPU.ActiveCfg = Release|Any CPU
		{285AAB3A-1901-4976-A2D2-0475BD0A87FE}.Release|Any CPU.Build.0 = Release|Any CPU
		{74BA5CB3-664E-4841-9A90-A6B06818ACDC}.Debug|Any CPU.ActiveCfg = Debug|Any CPU
		{74BA5CB3-664E-4841-9A90-A6B06818ACDC}.Debug|Any CPU.Build.0 = Debug|Any CPU
		{74BA5CB3-664E-4841-9A90-A6B06818ACDC}.Release|Any CPU.ActiveCfg = Release|Any CPU
		{74BA5CB3-664E-4841-9A90-A6B06818ACDC}.Release|Any CPU.Build.0 = Release|Any CPU
		{95667396-B22B-4A3C-BB42-BED84B8C1B80}.Debug|Any CPU.ActiveCfg = Debug|Any CPU
		{95667396-B22B-4A3C-BB42-BED84B8C1B80}.Debug|Any CPU.Build.0 = Debug|Any CPU
		{95667396-B22B-4A3C-BB42-BED84B8C1B80}.Release|Any CPU.ActiveCfg = Release|Any CPU
		{95667396-B22B-4A3C-BB42-BED84B8C1B80}.Release|Any CPU.Build.0 = Release|Any CPU
		{401A4452-4B66-4629-AAB2-96FBA9F4B553}.Debug|Any CPU.ActiveCfg = Debug|Any CPU
		{401A4452-4B66-4629-AAB2-96FBA9F4B553}.Debug|Any CPU.Build.0 = Debug|Any CPU
		{401A4452-4B66-4629-AAB2-96FBA9F4B553}.Release|Any CPU.ActiveCfg = Release|Any CPU
		{401A4452-4B66-4629-AAB2-96FBA9F4B553}.Release|Any CPU.Build.0 = Release|Any CPU
		{94B638D1-2436-4121-AB1B-C8A5B1AB1D37}.Debug|Any CPU.ActiveCfg = Debug|Any CPU
		{94B638D1-2436-4121-AB1B-C8A5B1AB1D37}.Debug|Any CPU.Build.0 = Debug|Any CPU
		{94B638D1-2436-4121-AB1B-C8A5B1AB1D37}.Release|Any CPU.ActiveCfg = Release|Any CPU
		{94B638D1-2436-4121-AB1B-C8A5B1AB1D37}.Release|Any CPU.Build.0 = Release|Any CPU
		{488A9552-8F2D-41E9-B7A7-6DFC7FD20112}.Debug|Any CPU.ActiveCfg = Debug|Any CPU
		{488A9552-8F2D-41E9-B7A7-6DFC7FD20112}.Debug|Any CPU.Build.0 = Debug|Any CPU
		{488A9552-8F2D-41E9-B7A7-6DFC7FD20112}.Release|Any CPU.ActiveCfg = Release|Any CPU
		{488A9552-8F2D-41E9-B7A7-6DFC7FD20112}.Release|Any CPU.Build.0 = Release|Any CPU
		{35BF9535-A0F3-4996-9AEA-15D06E5EE859}.Debug|Any CPU.ActiveCfg = Debug|Any CPU
		{35BF9535-A0F3-4996-9AEA-15D06E5EE859}.Debug|Any CPU.Build.0 = Debug|Any CPU
		{35BF9535-A0F3-4996-9AEA-15D06E5EE859}.Release|Any CPU.ActiveCfg = Release|Any CPU
		{35BF9535-A0F3-4996-9AEA-15D06E5EE859}.Release|Any CPU.Build.0 = Release|Any CPU
		{C57A0968-680D-460B-9487-80761AB339D7}.Debug|Any CPU.ActiveCfg = Debug|Any CPU
		{C57A0968-680D-460B-9487-80761AB339D7}.Debug|Any CPU.Build.0 = Debug|Any CPU
		{C57A0968-680D-460B-9487-80761AB339D7}.Release|Any CPU.ActiveCfg = Release|Any CPU
		{C57A0968-680D-460B-9487-80761AB339D7}.Release|Any CPU.Build.0 = Release|Any CPU
	EndGlobalSection
	GlobalSection(SolutionProperties) = preSolution
		HideSolutionNode = FALSE
	EndGlobalSection
	GlobalSection(ExtensibilityGlobals) = postSolution
		SolutionGuid = {81C406D3-ACE4-4D10-85FC-5339C9052E78}
	EndGlobalSection
EndGlobal
